# This file is generated by running "yarn install" inside your project.
# Manual changes might be lost - proceed with caution!

__metadata:
  version: 6
  cacheKey: 8

"@tsconfig/node16@npm:^1.0.2":
  version: 1.0.2
  resolution: "@tsconfig/node16@npm:1.0.2"
  checksum: ca94d3639714672bbfd55f03521d3f56bb6a25479bd425da81faf21f13e1e9d15f40f97377dedbbf477a5841c5b0c8f4cd1b391f33553d750b9202c54c2c07aa
  languageName: node
  linkType: hard

"@types/node@npm:*, @types/node@npm:^17.0.35":
  version: 17.0.35
  resolution: "@types/node@npm:17.0.35"
  checksum: 7a24946ae7fd20267ed92466384f594e448bfb151081158d565cc635d406ecb29ea8fb85fcd2a1f71efccf26fb5bd3c6f509bde56077eb8b832b847a6664bc62
  languageName: node
  linkType: hard

"@types/wol@npm:^1.0.1":
  version: 1.0.1
  resolution: "@types/wol@npm:1.0.1"
  dependencies:
    "@types/node": "*"
  checksum: 133c0fa9118998537cdc463e6c81cc02ce8a62e7af9beb409271fd22e169de4e2cba3f4e00c7b8259687a04c7b029dc35d82f665d0270ea1cb823fb87f50f054
  languageName: node
  linkType: hard

"power@workspace:.":
  version: 0.0.0-use.local
  resolution: "power@workspace:."
  dependencies:
    "@tsconfig/node16": ^1.0.2
    "@types/node": ^17.0.35
    "@types/wol": ^1.0.1
    typescript: ^4.6.4
    wol: ^1.0.7
    yarn: ^1.22.18
  languageName: unknown
  linkType: soft

"typescript@npm:^4.6.4":
  version: 4.6.4
  resolution: "typescript@npm:4.6.4"
  bin:
    tsc: bin/tsc
    tsserver: bin/tsserver
  checksum: e7bfcc39cd4571a63a54e5ea21f16b8445268b9900bf55aee0e02ad981be576acc140eba24f1af5e3c1457767c96cea6d12861768fb386cf3ffb34013718631a
  languageName: node
  linkType: hard

"typescript@patch:typescript@^4.6.4#~builtin<compat/typescript>":
  version: 4.6.4
  resolution: "typescript@patch:typescript@npm%3A4.6.4#~builtin<compat/typescript>::version=4.6.4&hash=7ad353"
  bin:
    tsc: bin/tsc
    tsserver: bin/tsserver
  checksum: 1cb434fbc637d347be90e3a0c6cd05e33c38f941713c8786d3031faf1842c2c148ba91d2fac01e7276b0ae3249b8633f1660e32686cc7a8c6a8fd5361dc52c66
  languageName: node
  linkType: hard

"wol@npm:^1.0.7":
  version: 1.0.7
  resolution: "wol@npm:1.0.7"
  bin:
    wake: bin/wake
  checksum: 547a97aaea7a96632534f0ce850f89c1f2c7ac416176e9443c9be703080c47d44bb5037eb28b743c7ad85d6f87cbec3db3c54230b657e5da25c2f8f64cf80160
  languageName: node
  linkType: hard

"yarn@npm:^1.22.18":
  version: 1.22.18
  resolution: "yarn@npm:1.22.18"
  bin:
    yarn: bin/yarn.js
    yarnpkg: bin/yarn.js
  checksum: ffd9a4872caa5fce83e914592dd6a40bb978bf992d3dca839bc3853b9e6de951d7596f7e8c4a88bec3af3a049e46097f9139a51740d9074582fd923af8762f7a
  languageName: node
  linkType: hard
